// !$*UTF8*$!
{
	archiveVersion = 1;
	classes = {
	};
	objectVersion = 46;
	objects = {

/* Begin PBXBuildFile section */
		4DE550471D0C523600F832FB /* AppDelegate.swift in Sources */ = {isa = PBXBuildFile; fileRef = 4DE550461D0C523600F832FB /* AppDelegate.swift */; };
		4DE550491D0C523600F832FB /* ViewController.swift in Sources */ = {isa = PBXBuildFile; fileRef = 4DE550481D0C523600F832FB /* ViewController.swift */; };
		4DE5504C1D0C523600F832FB /* Main.storyboard in Resources */ = {isa = PBXBuildFile; fileRef = 4DE5504A1D0C523600F832FB /* Main.storyboard */; };
		4DE5504E1D0C523600F832FB /* Assets.xcassets in Resources */ = {isa = PBXBuildFile; fileRef = 4DE5504D1D0C523600F832FB /* Assets.xcassets */; };
		4DE550511D0C523600F832FB /* LaunchScreen.storyboard in Resources */ = {isa = PBXBuildFile; fileRef = 4DE5504F1D0C523600F832FB /* LaunchScreen.storyboard */; };
		4DE5505C1D0C523600F832FB /* calculatorTests.swift in Sources */ = {isa = PBXBuildFile; fileRef = 4DE5505B1D0C523600F832FB /* calculatorTests.swift */; };
		4DE550671D0C523600F832FB /* calculatorUITests.swift in Sources */ = {isa = PBXBuildFile; fileRef = 4DE550661D0C523600F832FB /* calculatorUITests.swift */; };
		4DF5F45F1D0E0AE600D0E7D8 /* CalculatorBrain.swift in Sources */ = {isa = PBXBuildFile; fileRef = 4DF5F45E1D0E0AE600D0E7D8 /* CalculatorBrain.swift */; };
/* End PBXBuildFile section */

/* Begin PBXContainerItemProxy section */
		4DE550581D0C523600F832FB /* PBXContainerItemProxy */ = {
			isa = PBXContainerItemProxy;
			containerPortal = 4DE5503B1D0C523600F832FB /* Project object */;
			proxyType = 1;
			remoteGlobalIDString = 4DE550421D0C523600F832FB;
			remoteInfo = calculator;
		};
		4DE550631D0C523600F832FB /* PBXContainerItemProxy */ = {
			isa = PBXContainerItemProxy;
			containerPortal = 4DE5503B1D0C523600F832FB /* Project object */;
			proxyType = 1;
			remoteGlobalIDString = 4DE550421D0C523600F832FB;
			remoteInfo = calculator;
		};
/* End PBXContainerItemProxy section */

/* Begin PBXFileReference section */
		4DE550431D0C523600F832FB /* calculator.app */ = {isa = PBXFileReference; explicitFileType = wrapper.application; includeInIndex = 0; path = calculator.app; sourceTree = BUILT_PRODUCTS_DIR; };
		4DE550461D0C523600F832FB /* AppDelegate.swift */ = {isa = PBXFileReference; lastKnownFileType = sourcecode.swift; path = AppDelegate.swift; sourceTree = "<group>"; };
		4DE550481D0C523600F832FB /* ViewController.swift */ = {isa = PBXFileReference; lastKnownFileType = sourcecode.swift; path = ViewController.swift; sourceTree = "<group>"; };
		4DE5504B1D0C523600F832FB /* Base */ = {isa = PBXFileReference; lastKnownFileType = file.storyboard; name = Base; path = Base.lproj/Main.storyboard; sourceTree = "<group>"; };
		4DE5504D1D0C523600F832FB /* Assets.xcassets */ = {isa = PBXFileReference; lastKnownFileType = folder.assetcatalog; path = Assets.xcassets; sourceTree = "<group>"; };
		4DE550501D0C523600F832FB /* Base */ = {isa = PBXFileReference; lastKnownFileType = file.storyboard; name = Base; path = Base.lproj/LaunchScreen.storyboard; sourceTree = "<group>"; };
		4DE550521D0C523600F832FB /* Info.plist */ = {isa = PBXFileReference; lastKnownFileType = text.plist.xml; path = Info.plist; sourceTree = "<group>"; };
		4DE550571D0C523600F832FB /* calculatorTests.xctest */ = {isa = PBXFileReference; explicitFileType = wrapper.cfbundle; includeInIndex = 0; path = calculatorTests.xctest; sourceTree = BUILT_PRODUCTS_DIR; };
		4DE5505B1D0C523600F832FB /* calculatorTests.swift */ = {isa = PBXFileReference; lastKnownFileType = sourcecode.swift; path = calculatorTests.swift; sourceTree = "<group>"; };
		4DE5505D1D0C523600F832FB /* Info.plist */ = {isa = PBXFileReference; lastKnownFileType = text.plist.xml; path = Info.plist; sourceTree = "<group>"; };
		4DE550621D0C523600F832FB /* calculatorUITests.xctest */ = {isa = PBXFileReference; explicitFileType = wrapper.cfbundle; includeInIndex = 0; path = calculatorUITests.xctest; sourceTree = BUILT_PRODUCTS_DIR; };
		4DE550661D0C523600F832FB /* calculatorUITests.swift */ = {isa = PBXFileReference; lastKnownFileType = sourcecode.swift; path = calculatorUITests.swift; sourceTree = "<group>"; };
		4DE550681D0C523600F832FB /* Info.plist */ = {isa = PBXFileReference; lastKnownFileType = text.plist.xml; path = Info.plist; sourceTree = "<group>"; };
		4DF5F45E1D0E0AE600D0E7D8 /* CalculatorBrain.swift */ = {isa = PBXFileReference; fileEncoding = 4; lastKnownFileType = sourcecode.swift; path = CalculatorBrain.swift; sourceTree = "<group>"; };
/* End PBXFileReference section */

/* Begin PBXFrameworksBuildPhase section */
		4DE550401D0C523600F832FB /* Frameworks */ = {
			isa = PBXFrameworksBuildPhase;
			buildActionMask = 2147483647;
			files = (
			);
			runOnlyForDeploymentPostprocessing = 0;
		};
		4DE550541D0C523600F832FB /* Frameworks */ = {
			isa = PBXFrameworksBuildPhase;
			buildActionMask = 2147483647;
			files = (
			);
			runOnlyForDeploymentPostprocessing = 0;
		};
		4DE5505F1D0C523600F832FB /* Frameworks */ = {
			isa = PBXFrameworksBuildPhase;
			buildActionMask = 2147483647;
			files = (
			);
			runOnlyForDeploymentPostprocessing = 0;
		};
/* End PBXFrameworksBuildPhase section */

/* Begin PBXGroup section */
		4DE5503A1D0C523600F832FB = {
			isa = PBXGroup;
			children = (
				4DE550451D0C523600F832FB /* calculator */,
				4DE5505A1D0C523600F832FB /* calculatorTests */,
				4DE550651D0C523600F832FB /* calculatorUITests */,
				4DE550441D0C523600F832FB /* Products */,
			);
			sourceTree = "<group>";
		};
		4DE550441D0C523600F832FB /* Products */ = {
			isa = PBXGroup;
			children = (
				4DE550431D0C523600F832FB /* calculator.app */,
				4DE550571D0C523600F832FB /* calculatorTests.xctest */,
				4DE550621D0C523600F832FB /* calculatorUITests.xctest */,
			);
			name = Products;
			sourceTree = "<group>";
		};
		4DE550451D0C523600F832FB /* calculator */ = {
			isa = PBXGroup;
			children = (
				4DE550461D0C523600F832FB /* AppDelegate.swift */,
				4DE550481D0C523600F832FB /* ViewController.swift */,
				4DF5F45E1D0E0AE600D0E7D8 /* CalculatorBrain.swift */,
				4DE5504A1D0C523600F832FB /* Main.storyboard */,
				4DE5504D1D0C523600F832FB /* Assets.xcassets */,
				4DE5504F1D0C523600F832FB /* LaunchScreen.storyboard */,
				4DE550521D0C523600F832FB /* Info.plist */,
			);
			path = calculator;
			sourceTree = "<group>";
		};
		4DE5505A1D0C523600F832FB /* calculatorTests */ = {
			isa = PBXGroup;
			children = (
				4DE5505B1D0C523600F832FB /* calculatorTests.swift */,
				4DE5505D1D0C523600F832FB /* Info.plist */,
			);
			path = calculatorTests;
			sourceTree = "<group>";
		};
		4DE550651D0C523600F832FB /* calculatorUITests */ = {
			isa = PBXGroup;
			children = (
				4DE550661D0C523600F832FB /* calculatorUITests.swift */,
				4DE550681D0C523600F832FB /* Info.plist */,
			);
			path = calculatorUITests;
			sourceTree = "<group>";
		};
/* End PBXGroup section */

/* Begin PBXNativeTarget section */
		4DE550421D0C523600F832FB /* calculator */ = {
			isa = PBXNativeTarget;
			buildConfigurationList = 4DE5506B1D0C523600F832FB /* Build configuration list for PBXNativeTarget "calculator" */;
			buildPhases = (
				4DE5503F1D0C523600F832FB /* Sources */,
				4DE550401D0C523600F832FB /* Frameworks */,
				4DE550411D0C523600F832FB /* Resources */,
			);
			buildRules = (
			);
			dependencies = (
			);
			name = calculator;
			productName = calculator;
			productReference = 4DE550431D0C523600F832FB /* calculator.app */;
			productType = "com.apple.product-type.application";
		};
		4DE550561D0C523600F832FB /* calculatorTests */ = {
			isa = PBXNativeTarget;
			buildConfigurationList = 4DE5506E1D0C523600F832FB /* Build configuration list for PBXNativeTarget "calculatorTests" */;
			buildPhases = (
				4DE550531D0C523600F832FB /* Sources */,
				4DE550541D0C523600F832FB /* Frameworks */,
				4DE550551D0C523600F832FB /* Resources */,
			);
			buildRules = (
			);
			dependencies = (
				4DE550591D0C523600F832FB /* PBXTargetDependency */,
			);
			name = calculatorTests;
			productName = calculatorTests;
			productReference = 4DE550571D0C523600F832FB /* calculatorTests.xctest */;
			productType = "com.apple.product-type.bundle.unit-test";
		};
		4DE550611D0C523600F832FB /* calculatorUITests */ = {
			isa = PBXNativeTarget;
			buildConfigurationList = 4DE550711D0C523600F832FB /* Build configuration list for PBXNativeTarget "calculatorUITests" */;
			buildPhases = (
				4DE5505E1D0C523600F832FB /* Sources */,
				4DE5505F1D0C523600F832FB /* Frameworks */,
				4DE550601D0C523600F832FB /* Resources */,
			);
			buildRules = (
			);
			dependencies = (
				4DE550641D0C523600F832FB /* PBXTargetDependency */,
			);
			name = calculatorUITests;
			productName = calculatorUITests;
			productReference = 4DE550621D0C523600F832FB /* calculatorUITests.xctest */;
			productType = "com.apple.product-type.bundle.ui-testing";
		};
/* End PBXNativeTarget section */

/* Begin PBXProject section */
		4DE5503B1D0C523600F832FB /* Project object */ = {
			isa = PBXProject;
			attributes = {
				LastSwiftUpdateCheck = 0730;
				LastUpgradeCheck = 0730;
				ORGANIZATIONNAME = MDJD;
				TargetAttributes = {
					4DE550421D0C523600F832FB = {
						CreatedOnToolsVersion = 7.3.1;
						DevelopmentTeam = 7R97N635RG;
					};
					4DE550561D0C523600F832FB = {
						CreatedOnToolsVersion = 7.3.1;
						DevelopmentTeam = 7R97N635RG;
						TestTargetID = 4DE550421D0C523600F832FB;
					};
					4DE550611D0C523600F832FB = {
						CreatedOnToolsVersion = 7.3.1;
						DevelopmentTeam = 7R97N635RG;
						TestTargetID = 4DE550421D0C523600F832FB;
					};
				};
			};
			buildConfigurationList = 4DE5503E1D0C523600F832FB /* Build configuration list for PBXProject "calculator" */;
			compatibilityVersion = "Xcode 3.2";
			developmentRegion = English;
			hasScannedForEncodings = 0;
			knownRegions = (
				en,
				Base,
			);
			mainGroup = 4DE5503A1D0C523600F832FB;
			productRefGroup = 4DE550441D0C523600F832FB /* Products */;
			projectDirPath = "";
			projectRoot = "";
			targets = (
				4DE550421D0C523600F832FB /* calculator */,
				4DE550561D0C523600F832FB /* calculatorTests */,
				4DE550611D0C523600F832FB /* calculatorUITests */,
			);
		};
/* End PBXProject section */

/* Begin PBXResourcesBuildPhase section */
		4DE550411D0C523600F832FB /* Resources */ = {
			isa = PBXResourcesBuildPhase;
			buildActionMask = 2147483647;
			files = (
				4DE550511D0C523600F832FB /* LaunchScreen.storyboard in Resources */,
				4DE5504E1D0C523600F832FB /* Assets.xcassets in Resources */,
				4DE5504C1D0C523600F832FB /* Main.storyboard in Resources */,
			);
			runOnlyForDeploymentPostprocessing = 0;
		};
		4DE550551D0C523600F832FB /* Resources */ = {
			isa = PBXResourcesBuildPhase;
			buildActionMask = 2147483647;
			files = (
			);
			runOnlyForDeploymentPostprocessing = 0;
		};
		4DE550601D0C523600F832FB /* Resources */ = {
			isa = PBXResourcesBuildPhase;
			buildActionMask = 2147483647;
			files = (
			);
			runOnlyForDeploymentPostprocessing = 0;
		};
/* End PBXResourcesBuildPhase section */

/* Begin PBXSourcesBuildPhase section */
		4DE5503F1D0C523600F832FB /* Sources */ = {
			isa = PBXSourcesBuildPhase;
			buildActionMask = 2147483647;
			files = (
				4DF5F45F1D0E0AE600D0E7D8 /* CalculatorBrain.swift in Sources */,
				4DE550491D0C523600F832FB /* ViewController.swift in Sources */,
				4DE550471D0C523600F832FB /* AppDelegate.swift in Sources */,
			);
			runOnlyForDeploymentPostprocessing = 0;
		};
		4DE550531D0C523600F832FB /* Sources */ = {
			isa = PBXSourcesBuildPhase;
			buildActionMask = 2147483647;
			files = (
				4DE5505C1D0C523600F832FB /* calculatorTests.swift in Sources */,
			);
			runOnlyForDeploymentPostprocessing = 0;
		};
		4DE5505E1D0C523600F832FB /* Sources */ = {
			isa = PBXSourcesBuildPhase;
			buildActionMask = 2147483647;
			files = (
				4DE550671D0C523600F832FB /* calculatorUITests.swift in Sources */,
			);
			runOnlyForDeploymentPostprocessing = 0;
		};
/* End PBXSourcesBuildPhase section */

/* Begin PBXTargetDependency section */
		4DE550591D0C523600F832FB /* PBXTargetDependency */ = {
			isa = PBXTargetDependency;
			target = 4DE550421D0C523600F832FB /* calculator */;
			targetProxy = 4DE550581D0C523600F832FB /* PBXContainerItemProxy */;
		};
		4DE550641D0C523600F832FB /* PBXTargetDependency */ = {
			isa = PBXTargetDependency;
			target = 4DE550421D0C523600F832FB /* calculator */;
			targetProxy = 4DE550631D0C523600F832FB /* PBXContainerItemProxy */;
		};
/* End PBXTargetDependency section */

/* Begin PBXVariantGroup section */
		4DE5504A1D0C523600F832FB /* Main.storyboard */ = {
			isa = PBXVariantGroup;
			children = (
				4DE5504B1D0C523600F832FB /* Base */,
			);
			name = Main.storyboard;
			sourceTree = "<group>";
		};
		4DE5504F1D0C523600F832FB /* LaunchScreen.storyboard */ = {
			isa = PBXVariantGroup;
			children = (
				4DE550501D0C523600F832FB /* Base */,
			);
			name = LaunchScreen.storyboard;
			sourceTree = "<group>";
		};
/* End PBXVariantGroup section */

/* Begin XCBuildConfiguration section */
		4DE550691D0C523600F832FB /* Debug */ = {
			isa = XCBuildConfiguration;
			buildSettings = {
				ALWAYS_SEARCH_USER_PATHS = NO;
				CLANG_ANALYZER_NONNULL = YES;
				CLANG_CXX_LANGUAGE_STANDARD = "gnu++0x";
				CLANG_CXX_LIBRARY = "libc++";
				CLANG_ENABLE_MODULES = YES;
				CLANG_ENABLE_OBJC_ARC = YES;
				CLANG_WARN_BOOL_CONVERSION = YES;
				CLANG_WARN_CONSTANT_CONVERSION = YES;
				CLANG_WARN_DIRECT_OBJC_ISA_USAGE = YES_ERROR;
				CLANG_WARN_EMPTY_BODY = YES;
				CLANG_WARN_ENUM_CONVERSION = YES;
				CLANG_WARN_INT_CONVERSION = YES;
				CLANG_WARN_OBJC_ROOT_CLASS = YES_ERROR;
				CLANG_WARN_UNREACHABLE_CODE = YES;
				CLANG_WARN__DUPLICATE_METHOD_MATCH = YES;
				"CODE_SIGN_IDENTITY[sdk=iphoneos*]" = "iPhone Developer";
				COPY_PHASE_STRIP = NO;
				DEBUG_INFORMATION_FORMAT = dwarf;
				ENABLE_STRICT_OBJC_MSGSEND = YES;
				ENABLE_TESTABILITY = YES;
				GCC_C_LANGUAGE_STANDARD = gnu99;
				GCC_DYNAMIC_NO_PIC = NO;
				GCC_NO_COMMON_BLOCKS = YES;
				GCC_OPTIMIZATION_LEVEL = 0;
				GCC_PREPROCESSOR_DEFINITIONS = (
					"DEBUG=1",
					"$(inherited)",
				);
				GCC_WARN_64_TO_32_BIT_CONVERSION = YES;
				GCC_WARN_ABOUT_RETURN_TYPE = YES_ERROR;
				GCC_WARN_UNDECLARED_SELECTOR = YES;
				GCC_WARN_UNINITIALIZED_AUTOS = YES_AGGRESSIVE;
				GCC_WARN_UNUSED_FUNCTION = YES;
				GCC_WARN_UNUSED_VARIABLE = YES;
				IPHONEOS_DEPLOYMENT_TARGET = 9.3;
				MTL_ENABLE_DEBUG_INFO = YES;
				ONLY_ACTIVE_ARCH = YES;
				SDKROOT = iphoneos;
				SWIFT_OPTIMIZATION_LEVEL = "-Onone";
				TARGETED_DEVICE_FAMILY = "1,2";
			};
			name = Debug;
		};
		4DE5506A1D0C523600F832FB /* Release */ = {
			isa = XCBuildConfiguration;
			buildSettings = {
				ALWAYS_SEARCH_USER_PATHS = NO;
				CLANG_ANALYZER_NONNULL = YES;
				CLANG_CXX_LANGUAGE_STANDARD = "gnu++0x";
				CLANG_CXX_LIBRARY = "libc++";
				CLANG_ENABLE_MODULES = YES;
				CLANG_ENABLE_OBJC_ARC = YES;
				CLANG_WARN_BOOL_CONVERSION = YES;
				CLANG_WARN_CONSTANT_CONVERSION = YES;
				CLANG_WARN_DIRECT_OBJC_ISA_USAGE = YES_ERROR;
				CLANG_WARN_EMPTY_BODY = YES;
				CLANG_WARN_ENUM_CONVERSION = YES;
				CLANG_WARN_INT_CONVERSION = YES;
				CLANG_WARN_OBJC_ROOT_CLASS = YES_ERROR;
				CLANG_WARN_UNREACHABLE_CODE = YES;
				CLANG_WARN__DUPLICATE_METHOD_MATCH = YES;
				"CODE_SIGN_IDENTITY[sdk=iphoneos*]" = "iPhone Developer";
				COPY_PHASE_STRIP = NO;
				DEBUG_INFORMATION_FORMAT = "dwarf-with-dsym";
				ENABLE_NS_ASSERTIONS = NO;
				ENABLE_STRICT_OBJC_MSGSEND = YES;
				GCC_C_LANGUAGE_STANDARD = gnu99;
				GCC_NO_COMMON_BLOCKS = YES;
				GCC_WARN_64_TO_32_BIT_CONVERSION = YES;
				GCC_WARN_ABOUT_RETURN_TYPE = YES_ERROR;
				GCC_WARN_UNDECLARED_SELECTOR = YES;
				GCC_WARN_UNINITIALIZED_AUTOS = YES_AGGRESSIVE;
				GCC_WARN_UNUSED_FUNCTION = YES;
				GCC_WARN_UNUSED_VARIABLE = YES;
				IPHONEOS_DEPLOYMENT_TARGET = 9.3;
				MTL_ENABLE_DEBUG_INFO = NO;
				SDKROOT = iphoneos;
				TARGETED_DEVICE_FAMILY = "1,2";
				VALIDATE_PRODUCT = YES;
			};
			name = Release;
		};
		4DE5506C1D0C523600F832FB /* Debug */ = {
			isa = XCBuildConfiguration;
			buildSettings = {
				ASSETCATALOG_COMPILER_APPICON_NAME = AppIcon;
				INFOPLIST_FILE = calculator/Info.plist;
				LD_RUNPATH_SEARCH_PATHS = "$(inherited) @executable_path/Frameworks";
				PRODUCT_BUNDLE_IDENTIFIER = MDJD.calculator;
				PRODUCT_NAME = "$(TARGET_NAME)";
			};
			name = Debug;
		};
		4DE5506D1D0C523600F832FB /* Release */ = {
			isa = XCBuildConfiguration;
			buildSettings = {
				ASSETCATALOG_COMPILER_APPICON_NAME = AppIcon;
				INFOPLIST_FILE = calculator/Info.plist;
				LD_RUNPATH_SEARCH_PATHS = "$(inherited) @executable_path/Frameworks";
				PRODUCT_BUNDLE_IDENTIFIER = MDJD.calculator;
				PRODUCT_NAME = "$(TARGET_NAME)";
			};
			name = Release;
		};
		4DE5506F1D0C523600F832FB /* Debug */ = {
			isa = XCBuildConfiguration;
			buildSettings = {
				BUNDLE_LOADER = "$(TEST_HOST)";
				INFOPLIST_FILE = calculatorTests/Info.plist;
				LD_RUNPATH_SEARCH_PATHS = "$(inherited) @executable_path/Frameworks @loader_path/Frameworks";
				PRODUCT_BUNDLE_IDENTIFIER = MDJD.calculatorTests;
				PRODUCT_NAME = "$(TARGET_NAME)";
				TEST_HOST = "$(BUILT_PRODUCTS_DIR)/calculator.app/calculator";
			};
			name = Debug;
		};
		4DE550701D0C523600F832FB /* Release */ = {
			isa = XCBuildConfiguration;
			buildSettings = {
				BUNDLE_LOADER = "$(TEST_HOST)";
				INFOPLIST_FILE = calculatorTests/Info.plist;
				LD_RUNPATH_SEARCH_PATHS = "$(inherited) @executable_path/Frameworks @loader_path/Frameworks";
				PRODUCT_BUNDLE_IDENTIFIER = MDJD.calculatorTests;
				PRODUCT_NAME = "$(TARGET_NAME)";
				TEST_HOST = "$(BUILT_PRODUCTS_DIR)/calculator.app/calculator";
			};
			name = Release;
		};
		4DE550721D0C523600F832FB /* Debug */ = {
			isa = XCBuildConfiguration;
			buildSettings = {
				INFOPLIST_FILE = calculatorUITests/Info.plist;
				LD_RUNPATH_SEARCH_PATHS = "$(inherited) @executable_path/Frameworks @loader_path/Frameworks";
				PRODUCT_BUNDLE_IDENTIFIER = MDJD.calculatorUITests;
				PRODUCT_NAME = "$(TARGET_NAME)";
				TEST_TARGET_NAME = calculator;
			};
			name = Debug;
		};
		4DE550731D0C523600F832FB /* Release */ = {
			isa = XCBuildConfiguration;
			buildSettings = {
				INFOPLIST_FILE = calculatorUITests/Info.plist;
				LD_RUNPATH_SEARCH_PATHS = "$(inherited) @executable_path/Frameworks @loader_path/Frameworks";
				PRODUCT_BUNDLE_IDENTIFIER = MDJD.calculatorUITests;
				PRODUCT_NAME = "$(TARGET_NAME)";
				TEST_TARGET_NAME = calculator;
			};
			name = Release;
		};
/* End XCBuildConfiguration section */

/* Begin XCConfigurationList section */
		4DE5503E1D0C523600F832FB /* Build configuration list for PBXProject "calculator" */ = {
			isa = XCConfigurationList;
			buildConfigurations = (
				4DE550691D0C523600F832FB /* Debug */,
				4DE5506A1D0C523600F832FB /* Release */,
			);
			defaultConfigurationIsVisible = 0;
			defaultConfigurationName = Release;
		};
		4DE5506B1D0C523600F832FB /* Build configuration list for PBXNativeTarget "calculator" */ = {
			isa = XCConfigurationList;
			buildConfigurations = (
				4DE5506C1D0C523600F832FB /* Debug */,
				4DE5506D1D0C523600F832FB /* Release */,
			);
			defaultConfigurationIsVisible = 0;
			defaultConfigurationName = Release;
		};
		4DE5506E1D0C523600F832FB /* Build configuration list for PBXNativeTarget "calculatorTests" */ = {
			isa = XCConfigurationList;
			buildConfigurations = (
				4DE5506F1D0C523600F832FB /* Debug */,
				4DE550701D0C523600F832FB /* Release */,
			);
			defaultConfigurationIsVisible = 0;
			defaultConfigurationName = Release;
		};
		4DE550711D0C523600F832FB /* Build configuration list for PBXNativeTarget "calculatorUITests" */ = {
			isa = XCConfigurationList;
			buildConfigurations = (
				4DE550721D0C523600F832FB /* Debug */,
				4DE550731D0C523600F832FB /* Release */,
			);
			defaultConfigurationIsVisible = 0;
			defaultConfigurationName = Release;
		};
/* End XCConfigurationList section */
	};
	rootObject = 4DE5503B1D0C523600F832FB /* Project object */;
}
